
Microsoft Visual Studio Solution File, Format Version 12.00
# Visual Studio Version 17
VisualStudioVersion = 17.2.32526.322
MinimumVisualStudioVersion = 10.0.40219.1
Project("{FAE04EC0-301F-11D3-BF4B-00C04F79EFBC}") = "FischQuizAPI", "FischQuizAPI.csproj", "{FE49389C-EDEB-4F56-8AE8-43CDE0B050A1}"
EndProject
Project("{E53339B2-1760-4266-BCC7-CA923CBCF16C}") = "docker-compose", "docker-compose.dcproj", "{EAA80D59-1660-4F6F-AE83-4DB388FB9148}"
EndProject
Global
	GlobalSection(SolutionConfigurationPlatforms) = preSolution
		Debug|Any CPU = Debug|Any CPU
		Release|Any CPU = Release|Any CPU
	EndGlobalSection
	GlobalSection(ProjectConfigurationPlatforms) = postSolution
		{FE49389C-EDEB-4F56-8AE8-43CDE0B050A1}.Debug|Any CPU.ActiveCfg = Debug|Any CPU
		{FE49389C-EDEB-4F56-8AE8-43CDE0B050A1}.Debug|Any CPU.Build.0 = Debug|Any CPU
		{FE49389C-EDEB-4F56-8AE8-43CDE0B050A1}.Release|Any CPU.ActiveCfg = Release|Any CPU
		{FE49389C-EDEB-4F56-8AE8-43CDE0B050A1}.Release|Any CPU.Build.0 = Release|Any CPU
		{EAA80D59-1660-4F6F-AE83-4DB388FB9148}.Debug|Any CPU.ActiveCfg = Debug|Any CPU
		{EAA80D59-1660-4F6F-AE83-4DB388FB9148}.Debug|Any CPU.Build.0 = Debug|Any CPU
		{EAA80D59-1660-4F6F-AE83-4DB388FB9148}.Release|Any CPU.ActiveCfg = Release|Any CPU
		{EAA80D59-1660-4F6F-AE83-4DB388FB9148}.Release|Any CPU.Build.0 = Release|Any CPU
	EndGlobalSection
	GlobalSection(SolutionProperties) = preSolution
		HideSolutionNode = FALSE
	EndGlobalSection
	GlobalSection(ExtensibilityGlobals) = postSolution
		SolutionGuid = {143D5088-9BAD-4A0A-B085-FD676498EF97}
	EndGlobalSection
EndGlobal
